# THIS IS AN AUTOGENERATED FILE. DO NOT EDIT THIS FILE DIRECTLY.
# yarn lockfile v1


"@aws-cdk/core@^1.19.0":
  version "1.19.0"
  resolved "https://registry.yarnpkg.com/@aws-cdk/core/-/core-1.19.0.tgz#d2997fd1104f4728b045d20c934c2cd281f14d33"
  integrity sha512-WFEsUuZaF39c7qiITXTYkQ9cmIMdlkLYdFVTcIBnGf9EwDY32YXqeBQn1rDF7EkilwV40WzHx5MUJ8qvBoKRtA==
  dependencies:
    "@aws-cdk/cx-api" "1.19.0"

"@aws-cdk/cx-api@1.19.0":
  version "1.19.0"
  resolved "https://registry.yarnpkg.com/@aws-cdk/cx-api/-/cx-api-1.19.0.tgz#b8c8330186261828642ba7420a054828dbd1c5cb"
  integrity sha512-+Ypset+keoQDK1qMmJrDVG97VUALDAMQBIJ7X1KvbUMHVzyT0kl268CCnLS066AmdkwAGevFpAQkGzpBQwobMA==
  dependencies:
    semver "^6.3.0"

"@types/node@^13.1.1":
  version "13.1.4"
  resolved "https://registry.yarnpkg.com/@types/node/-/node-13.1.4.tgz#4cfd90175a200ee9b02bd6b1cd19bc349741607e"
  integrity sha512-Lue/mlp2egZJoHXZr4LndxDAd7i/7SQYhV0EjWfb/a4/OZ6tuVwMCVPiwkU5nsEipxEf7hmkSU7Em5VQ8P5NGA==

semver@^6.3.0:
  version "6.3.0"
  resolved "https://registry.yarnpkg.com/semver/-/semver-6.3.0.tgz#ee0a64c8af5e8ceea67687b133761e1becbd1d3d"
  integrity sha512-b39TBaTSfV6yBrapU89p5fKekE2m/NwnDocOVruQFS1/veMgdzuPcnOM34M6CwxW8jH/lxEa5rBoDeUwu5HHTw==

typescript@^3.7.4:
  version "3.7.4"
  resolved "https://registry.yarnpkg.com/typescript/-/typescript-3.7.4.tgz#1743a5ec5fef6a1fa9f3e4708e33c81c73876c19"
  integrity sha512-A25xv5XCtarLwXpcDNZzCGvW2D1S3/bACratYBx2sax8PefsFhlYmkQicKHvpYflFS8if4zne5zT5kpJ7pzuvw==
