{
  "_meta": {
    "hash": {
      "sha256": "ac85689be79ad21bd2a5dc3e384e01cce323a1bf16b8eee626a6a369d7d13a56"
    },
    "pipfile-spec": 6,
    "requires": {
      "python_version": "3.8"
    },
    "sources": [
      {
        "name": "pypi",
        "url": "https://pypi.org/simple",
        "verify_ssl": true
      }
    ]
  },
  "default": {
    "attrs": {
      "hashes": [
        "sha256:31b2eced602aa8423c2aea9c76a724617ed67cf9513173fd3a4f03e3a929c7e6",
        "sha256:832aa3cde19744e49938b91fea06d69ecb9e649c93ba974535d08ad92164f700"
      ],
      "markers": "python_version >= '2.7' and python_version not in '3.0, 3.1, 3.2, 3.3'",
      "version": "==20.3.0"
    },
    "cattrs": {
      "hashes": [
        "sha256:12688f56fbb7f54cf647d031669840e1ab0b9a198bf374a217fcb5be821855df",
        "sha256:f92ca39ccb7373289f9cccf71b86849a29a2d75370bc983e7bf579ce95bfccd8"
      ],
      "markers": "python_version >= '3.7'",
      "version": "==1.3.0"
    },
    "cdktf": {
      "hashes": [
        "sha256:a883aff03dd6753b9e90715ca712158aabbe6d1aac3cd45ef718c72e1459b8b6",
        "sha256:b3df8a341fb78cf735341e74e5e48720e15250ef968bd1f961bf9530fddf54ce"
      ],
      "index": "pypi",
      "version": "==0.2.0"
    },
    "constructs": {
      "hashes": [
        "sha256:0649c67ab87c990edb01c3472f07b1b6e52a0cc63b44f776812b2d59d0341fbd",
        "sha256:f6ffb8434bac4a6fcb37a49d7d84fd86213f6f2908891c9b60d851f705d1d242"
      ],
      "index": "pypi",
      "version": "==3.0.29"
    },
    "jsii": {
      "hashes": [
        "sha256:594bf95bfb6823373aa860892933d23717d7b5b8c3ace7077b41ee5135fee061",
        "sha256:9a6e46d9c2914f32d6231e38df0069b7035a7ad85041c0cf901262041c4be6ff"
      ],
      "markers": "python_version ~= '3.6'",
      "version": "==1.25.0"
    },
    "publication": {
      "hashes": [
        "sha256:0248885351febc11d8a1098d5c8e3ab2dabcf3e8c0c96db1e17ecd12b53afbe6",
        "sha256:68416a0de76dddcdd2930d1c8ef853a743cc96c82416c4e4d3b5d901c6276dc4"
      ],
      "version": "==0.0.3"
    },
    "python-dateutil": {
      "hashes": [
        "sha256:73ebfe9dbf22e832286dafa60473e4cd239f8592f699aa5adaf10050e6e1823c",
        "sha256:75bb3f31ea686f1197762692a9ee6a7550b59fc6ca3a1f4b5d7e32fb98e2da2a"
      ],
      "markers": "python_version >= '2.7' and python_version not in '3.0, 3.1, 3.2, 3.3'",
      "version": "==2.8.1"
    },
    "six": {
      "hashes": [
        "sha256:30639c035cdb23534cd4aa2dd52c3bf48f06e5f4a941509c8bafd8ce11080259",
        "sha256:8b74bedcbbbaca38ff6d7491d76f2b06b3592611af620f8426e82dddb04a5ced"
      ],
      "markers": "python_version >= '2.7' and python_version not in '3.0, 3.1, 3.2, 3.3'",
      "version": "==1.15.0"
    },
    "typing-extensions": {
      "hashes": [
        "sha256:7cb407020f00f7bfc3cb3e7881628838e69d8f3fcab2f64742a5e76b2f841918",
        "sha256:99d4073b617d30288f569d3f13d2bd7548c3a7e4c8de87db09a9d29bb3a4a60c",
        "sha256:dafc7639cde7f1b6e1acc0f457842a83e722ccca8eef5270af2d74792619a89f"
      ],
      "version": "==3.7.4.3"
    }
  },
  "develop": {}
}
