{
  "_meta": {
    "hash": {
      "sha256": "febf780d1824c47c5d752890c904475fb9bae7cf2ab7c4b232c05e0046eaceaa"
    },
    "pipfile-spec": 6,
    "requires": {
      "python_version": "3.7"
    },
    "sources": [
      {
        "name": "pypi",
        "url": "https://pypi.org/simple",
        "verify_ssl": true
      }
    ]
  },
  "default": {
    "attrs": {
      "hashes": [
        "sha256:29e95c7f6778868dbd49170f98f8818f78f3dc5e0e37c0b1f474e3561b240836",
        "sha256:c9227bfc2f01993c03f68db37d1d15c9690188323c067c641f1a35ca58185f99"
      ],
      "markers": "python_version >= '3.6'",
      "version": "==22.2.0"
    },
    "cattrs": {
      "hashes": [
        "sha256:bc12b1f0d000b9f9bee83335887d532a1d3e99a833d1bf0882151c97d3e68c21",
        "sha256:f0eed5642399423cf656e7b66ce92cdc5b963ecafd041d1b24d136fdde7acf6d"
      ],
      "markers": "python_version >= '3.7'",
      "version": "==22.2.0"
    },
    "cdktf": {
      "hashes": [
        "sha256:8dc75a36291cd402b2db5574fde87966454e470c344c79bf2cd349b1c14288e8",
        "sha256:eb4c75d2ae2f11f52d478ee5a532738fba5833f479b64264e8a0bd96197ab55c"
      ],
      "index": "pypi",
      "version": "==0.14.3"
    },
    "constructs": {
      "hashes": [
        "sha256:679235f1d331f75fa170af8f6e7ed088bcd5114f91d48c6a971e266447491a6b",
        "sha256:fb61b038e12f4f99550dd7537ba1f2a324e59242d0719ec5ef371b66492c7642"
      ],
      "markers": "python_version ~= '3.7'",
      "version": "==10.1.209"
    },
    "exceptiongroup": {
      "hashes": [
        "sha256:327cbda3da756e2de031a3107b81ab7b3770a602c4d16ca618298c526f4bec1e",
        "sha256:bcb67d800a4497e1b404c2dd44fca47d3b7a5e5433dbab67f96c1a685cdfdf23"
      ],
      "markers": "python_version < '3.11'",
      "version": "==1.1.0"
    },
    "jsii": {
      "hashes": [
        "sha256:4dcf65eca9400c15a6a7c9d85b27f4bfe15c96ad3e36272a502f391556858151",
        "sha256:6daf1c17362bd07c50c299e08d9a4454075550eb78e035a160ecf9ea68ded3cf"
      ],
      "markers": "python_version ~= '3.7'",
      "version": "==1.72.0"
    },
    "publication": {
      "hashes": [
        "sha256:0248885351febc11d8a1098d5c8e3ab2dabcf3e8c0c96db1e17ecd12b53afbe6",
        "sha256:68416a0de76dddcdd2930d1c8ef853a743cc96c82416c4e4d3b5d901c6276dc4"
      ],
      "version": "==0.0.3"
    },
    "python-dateutil": {
      "hashes": [
        "sha256:0123cacc1627ae19ddf3c27a5de5bd67ee4586fbdd6440d9748f8abb483d3e86",
        "sha256:961d03dc3453ebbc59dbdea9e4e11c5651520a876d0f4db161e8674aae935da9"
      ],
      "markers": "python_version >= '2.7' and python_version not in '3.0, 3.1, 3.2, 3.3'",
      "version": "==2.8.2"
    },
    "six": {
      "hashes": [
        "sha256:1e61c37477a1626458e36f7b1d82aa5c9b094fa4802892072e49de9c60c4c926",
        "sha256:8abb2f1d86890a2dfb989f9a77cfcfd3e47c2a354b01111771326f8aa26e0254"
      ],
      "markers": "python_version >= '2.7' and python_version not in '3.0, 3.1, 3.2, 3.3'",
      "version": "==1.16.0"
    },
    "typeguard": {
      "hashes": [
        "sha256:00edaa8da3a133674796cf5ea87d9f4b4c367d77476e185e80251cc13dfbb8c4",
        "sha256:5e3e3be01e887e7eafae5af63d1f36c849aaa94e3a0112097312aabfa16284f1"
      ],
      "markers": "python_full_version >= '3.5.3'",
      "version": "==2.13.3"
    },
    "typing-extensions": {
      "hashes": [
        "sha256:1511434bb92bf8dd198c12b1cc812e800d4181cfcb867674e0f8279cc93087aa",
        "sha256:16fa4864408f655d35ec496218b85f79b3437c829e93320c7c9215ccfd92489e"
      ],
      "markers": "python_version >= '3.7'",
      "version": "==4.4.0"
    }
  },
  "develop": {}
}
