{
  "_meta": {
    "hash": {
      "sha256": "b6ad361e618b6b52c60aff0d60c6be745c238a50e0ed8456326e20b59248be08"
    },
    "pipfile-spec": 6,
    "requires": {
      "python_version": "3"
    },
    "sources": [
      {
        "name": "pypi",
        "url": "https://pypi.org/simple",
        "verify_ssl": true
      }
    ]
  },
  "default": {
    "attrs": {
      "hashes": [
        "sha256:31b2eced602aa8423c2aea9c76a724617ed67cf9513173fd3a4f03e3a929c7e6",
        "sha256:832aa3cde19744e49938b91fea06d69ecb9e649c93ba974535d08ad92164f700"
      ],
      "markers": "python_version >= '2.7' and python_version not in '3.0, 3.1, 3.2, 3.3'",
      "version": "==20.3.0"
    },
    "cattrs": {
      "hashes": [
        "sha256:277d12740b45e46318b41c3b2e4a3bc067a7b9971cf61f0e96497598ad83f282",
        "sha256:a6233d0ce33d48ac71ef818f8e0b9309a89496b359994c4dfe9ad211c1f6d0a3"
      ],
      "markers": "python_version >= '3.7'",
      "version": "==1.5.0"
    },
    "cdktf": {
      "hashes": [
        "sha256:22a9447fe83604168f310f81c87624805ce8120250f9245e4a2ac6c8d412ba22",
        "sha256:bdf0b97302c9be73a2f00e5733057aecd5d1372c61cf3e1402079e96c721dca8"
      ],
      "index": "pypi",
      "version": "==0.4.1"
    },
    "constructs": {
      "hashes": [
        "sha256:26605b7660fde973bb1998adb7fe046d21756aa94438ae39a47e84b7d35f01b3",
        "sha256:4c6e72313ab5f7bd651fa11b409fed6f5263f9d230ce930c03965dff5d5d39bd"
      ],
      "markers": "python_version >= '3.6'",
      "version": "==3.3.79"
    },
    "jsii": {
      "hashes": [
        "sha256:4a2002b920e19df3c13119bc525979bfe1ae6a8c0ccf7617a5a966b1ccd66fd6",
        "sha256:800042650b6436eb37b5ea905937f0c4cfc8863d439477a7b00d8d189b65c622"
      ],
      "markers": "python_version ~= '3.6'",
      "version": "==1.30.0"
    },
    "publication": {
      "hashes": [
        "sha256:0248885351febc11d8a1098d5c8e3ab2dabcf3e8c0c96db1e17ecd12b53afbe6",
        "sha256:68416a0de76dddcdd2930d1c8ef853a743cc96c82416c4e4d3b5d901c6276dc4"
      ],
      "version": "==0.0.3"
    },
    "python-dateutil": {
      "hashes": [
        "sha256:73ebfe9dbf22e832286dafa60473e4cd239f8592f699aa5adaf10050e6e1823c",
        "sha256:75bb3f31ea686f1197762692a9ee6a7550b59fc6ca3a1f4b5d7e32fb98e2da2a"
      ],
      "markers": "python_version >= '2.7' and python_version not in '3.0, 3.1, 3.2, 3.3'",
      "version": "==2.8.1"
    },
    "six": {
      "hashes": [
        "sha256:1e61c37477a1626458e36f7b1d82aa5c9b094fa4802892072e49de9c60c4c926",
        "sha256:8abb2f1d86890a2dfb989f9a77cfcfd3e47c2a354b01111771326f8aa26e0254"
      ],
      "markers": "python_version >= '2.7' and python_version not in '3.0, 3.1, 3.2, 3.3'",
      "version": "==1.16.0"
    },
    "typing-extensions": {
      "hashes": [
        "sha256:0ac0f89795dd19de6b97debb0c6af1c70987fd80a2d62d1958f7e56fcc31b497",
        "sha256:50b6f157849174217d0656f99dc82fe932884fb250826c18350e159ec6cdf342",
        "sha256:779383f6086d90c99ae41cf0ff39aac8a7937a9283ce0a414e5dd782f4c94a84"
      ],
      "version": "==3.10.0.0"
    }
  },
  "develop": {}
}
