# THIS IS AN AUTOGENERATED FILE. DO NOT EDIT THIS FILE DIRECTLY.
# yarn lockfile v1


"@types/node@^13.1.1":
  version "13.1.4"
  resolved "https://registry.yarnpkg.com/@types/node/-/node-13.1.4.tgz#4cfd90175a200ee9b02bd6b1cd19bc349741607e"
  integrity sha512-Lue/mlp2egZJoHXZr4LndxDAd7i/7SQYhV0EjWfb/a4/OZ6tuVwMCVPiwkU5nsEipxEf7hmkSU7Em5VQ8P5NGA==

constructs@^2.0.1:
  version "2.0.1"
  resolved "https://registry.yarnpkg.com/constructs/-/constructs-2.0.1.tgz#274d6b8ce6a698813495c444466b0c745349ddb5"
  integrity sha512-edR85YFGI9TBT9byAo5vAfI0PRi+jFGzinwN3RAJwKfv6Yc9x9kALYfoEmgotp95qT7/k/iUQWHrH9BMJeqpdg==

typescript@^3.7.4:
  version "3.7.4"
  resolved "https://registry.yarnpkg.com/typescript/-/typescript-3.7.4.tgz#1743a5ec5fef6a1fa9f3e4708e33c81c73876c19"
  integrity sha512-A25xv5XCtarLwXpcDNZzCGvW2D1S3/bACratYBx2sax8PefsFhlYmkQicKHvpYflFS8if4zne5zT5kpJ7pzuvw==
