{
  "provider_schemas": {
    "aws": {
      "provider": {
        "version": 0,
        "block": {
          "attributes": {
            "access_key": {
              "type": "string",
              "description": "The access key for API operations. You can retrieve this\nfrom the 'Security & Credentials' section of the AWS console.",
              "optional": true
            },
            "allowed_account_ids": {
              "type": [
                "set",
                "string"
              ],
              "optional": true
            },
            "forbidden_account_ids": {
              "type": [
                "set",
                "string"
              ],
              "optional": true
            },
            "insecure": {
              "type": "bool",
              "description": "Explicitly allow the provider to perform \"insecure\" SSL requests. If omitted,default value is `false`",
              "optional": true
            },
            "max_retries": {
              "type": "number",
              "description": "The maximum number of times an AWS API request is\nbeing executed. If the API request still fails, an error is\nthrown.",
              "optional": true
            },
            "profile": {
              "type": "string",
              "description": "The profile for API operations. If not set, the default profile\ncreated with `aws configure` will be used.",
              "optional": true
            },
            "region": {
              "type": "string",
              "description": "The region where AWS operations will take place. Examples\nare us-east-1, us-west-2, etc.",
              "required": true
            },
            "s3_force_path_style": {
              "type": "bool",
              "description": "Set this to true to force the request to use path-style addressing,\ni.e., http://s3.amazonaws.com/BUCKET/KEY. By default, the S3 client will\nuse virtual hosted bucket addressing when possible\n(http://BUCKET.s3.amazonaws.com/KEY). Specific to the Amazon S3 service.",
              "optional": true
            },
            "secret_key": {
              "type": "string",
              "description": "The secret key for API operations. You can retrieve this\nfrom the 'Security & Credentials' section of the AWS console.",
              "optional": true
            },
            "shared_credentials_file": {
              "type": "string",
              "description": "The path to the shared credentials file. If not set\nthis defaults to ~/.aws/credentials.",
              "optional": true
            },
            "skip_credentials_validation": {
              "type": "bool",
              "description": "Skip the credentials validation via STS API. Used for AWS API implementations that do not have STS available/implemented.",
              "optional": true
            },
            "skip_get_ec2_platforms": {
              "type": "bool",
              "description": "Skip getting the supported EC2 platforms. Used by users that don't have ec2:DescribeAccountAttributes permissions.",
              "optional": true
            },
            "skip_metadata_api_check": {
              "type": "bool",
              "optional": true
            },
            "skip_region_validation": {
              "type": "bool",
              "description": "Skip static validation of region name. Used by users of alternative AWS-like APIs or users w/ access to regions that are not public (yet).",
              "optional": true
            },
            "skip_requesting_account_id": {
              "type": "bool",
              "description": "Skip requesting the account ID. Used for AWS API implementations that do not have IAM/STS API and/or metadata API.",
              "optional": true
            },
            "token": {
              "type": "string",
              "description": "session token. A session token is only required if you are\nusing temporary security credentials.",
              "optional": true
            }
          },
          "block_types": {
            "assume_role": {
              "nesting_mode": "set",
              "block": {
                "attributes": {
                  "external_id": {
                    "type": "string",
                    "description": "The external ID to use when assuming the role. If omitted, no external ID is passed to the AssumeRole call.",
                    "optional": true
                  },
                  "policy": {
                    "type": "string",
                    "description": "The permissions applied when assuming a role. You cannot use, this policy to grant further permissions that are in excess to those of the,  role that is being assumed.",
                    "optional": true
                  },
                  "role_arn": {
                    "type": "string",
                    "description": "The ARN of an IAM role to assume prior to making API calls.",
                    "optional": true
                  },
                  "session_name": {
                    "type": "string",
                    "description": "The session name to use when assuming the role. If omitted, no session name is passed to the AssumeRole call.",
                    "optional": true
                  }
                }
              },
              "max_items": 1
            },
            "endpoints": {
              "nesting_mode": "set",
              "block": {
                "attributes": {
                  "accessanalyzer": {
                    "type": "string",
                    "description": "Use this to override the default service endpoint URL",
                    "optional": true
                  },
                  "acm": {
                    "type": "string",
                    "description": "Use this to override the default service endpoint URL",
                    "optional": true
                  },
                  "acmpca": {
                    "type": "string",
                    "description": "Use this to override the default service endpoint URL",
                    "optional": true
                  },
                  "amplify": {
                    "type": "string",
                    "description": "Use this to override the default service endpoint URL",
                    "optional": true
                  },
                  "apigateway": {
                    "type": "string",
                    "description": "Use this to override the default service endpoint URL",
                    "optional": true
                  },
                  "applicationautoscaling": {
                    "type": "string",
                    "description": "Use this to override the default service endpoint URL",
                    "optional": true
                  },
                  "applicationinsights": {
                    "type": "string",
                    "description": "Use this to override the default service endpoint URL",
                    "optional": true
                  },
                  "appmesh": {
                    "type": "string",
                    "description": "Use this to override the default service endpoint URL",
                    "optional": true
                  },
                  "appstream": {
                    "type": "string",
                    "description": "Use this to override the default service endpoint URL",
                    "optional": true
                  },
                  "appsync": {
                    "type": "string",
                    "description": "Use this to override the default service endpoint URL",
                    "optional": true
                  },
                  "athena": {
                    "type": "string",
                    "description": "Use this to override the default service endpoint URL",
                    "optional": true
                  },
                  "autoscaling": {
                    "type": "string",
                    "description": "Use this to override the default service endpoint URL",
                    "optional": true
                  },
                  "autoscalingplans": {
                    "type": "string",
                    "description": "Use this to override the default service endpoint URL",
                    "optional": true
                  },
                  "backup": {
                    "type": "string",
                    "description": "Use this to override the default service endpoint URL",
                    "optional": true
                  },
                  "batch": {
                    "type": "string",
                    "description": "Use this to override the default service endpoint URL",
                    "optional": true
                  },
                  "budgets": {
                    "type": "string",
                    "description": "Use this to override the default service endpoint URL",
                    "optional": true
                  },
                  "cloud9": {
                    "type": "string",
                    "description": "Use this to override the default service endpoint URL",
                    "optional": true
                  },
                  "cloudformation": {
                    "type": "string",
                    "description": "Use this to override the default service endpoint URL",
                    "optional": true
                  },
                  "cloudfront": {
                    "type": "string",
                    "description": "Use this to override the default service endpoint URL",
                    "optional": true
                  },
                  "cloudhsm": {
                    "type": "string",
                    "description": "Use this to override the default service endpoint URL",
                    "optional": true
                  },
                  "cloudsearch": {
                    "type": "string",
                    "description": "Use this to override the default service endpoint URL",
                    "optional": true
                  },
                  "cloudtrail": {
                    "type": "string",
                    "description": "Use this to override the default service endpoint URL",
                    "optional": true
                  },
                  "cloudwatch": {
                    "type": "string",
                    "description": "Use this to override the default service endpoint URL",
                    "optional": true
                  },
                  "cloudwatchevents": {
                    "type": "string",
                    "description": "Use this to override the default service endpoint URL",
                    "optional": true
                  },
                  "cloudwatchlogs": {
                    "type": "string",
                    "description": "Use this to override the default service endpoint URL",
                    "optional": true
                  },
                  "codebuild": {
                    "type": "string",
                    "description": "Use this to override the default service endpoint URL",
                    "optional": true
                  },
                  "codecommit": {
                    "type": "string",
                    "description": "Use this to override the default service endpoint URL",
                    "optional": true
                  },
                  "codedeploy": {
                    "type": "string",
                    "description": "Use this to override the default service endpoint URL",
                    "optional": true
                  },
                  "codepipeline": {
                    "type": "string",
                    "description": "Use this to override the default service endpoint URL",
                    "optional": true
                  },
                  "cognitoidentity": {
                    "type": "string",
                    "description": "Use this to override the default service endpoint URL",
                    "optional": true
                  },
                  "cognitoidp": {
                    "type": "string",
                    "description": "Use this to override the default service endpoint URL",
                    "optional": true
                  },
                  "configservice": {
                    "type": "string",
                    "description": "Use this to override the default service endpoint URL",
                    "optional": true
                  },
                  "cur": {
                    "type": "string",
                    "description": "Use this to override the default service endpoint URL",
                    "optional": true
                  },
                  "dataexchange": {
                    "type": "string",
                    "description": "Use this to override the default service endpoint URL",
                    "optional": true
                  },
                  "datapipeline": {
                    "type": "string",
                    "description": "Use this to override the default service endpoint URL",
                    "optional": true
                  },
                  "datasync": {
                    "type": "string",
                    "description": "Use this to override the default service endpoint URL",
                    "optional": true
                  },
                  "dax": {
                    "type": "string",
                    "description": "Use this to override the default service endpoint URL",
                    "optional": true
                  },
                  "devicefarm": {
                    "type": "string",
                    "description": "Use this to override the default service endpoint URL",
                    "optional": true
                  },
                  "directconnect": {
                    "type": "string",
                    "description": "Use this to override the default service endpoint URL",
                    "optional": true
                  },
                  "dlm": {
                    "type": "string",
                    "description": "Use this to override the default service endpoint URL",
                    "optional": true
                  },
                  "dms": {
                    "type": "string",
                    "description": "Use this to override the default service endpoint URL",
                    "optional": true
                  },
                  "docdb": {
                    "type": "string",
                    "description": "Use this to override the default service endpoint URL",
                    "optional": true
                  },
                  "ds": {
                    "type": "string",
                    "description": "Use this to override the default service endpoint URL",
                    "optional": true
                  },
                  "dynamodb": {
                    "type": "string",
                    "description": "Use this to override the default service endpoint URL",
                    "optional": true
                  },
                  "ec2": {
                    "type": "string",
                    "description": "Use this to override the default service endpoint URL",
                    "optional": true
                  },
                  "ecr": {
                    "type": "string",
                    "description": "Use this to override the default service endpoint URL",
                    "optional": true
                  },
                  "ecs": {
                    "type": "string",
                    "description": "Use this to override the default service endpoint URL",
                    "optional": true
                  },
                  "efs": {
                    "type": "string",
                    "description": "Use this to override the default service endpoint URL",
                    "optional": true
                  },
                  "eks": {
                    "type": "string",
                    "description": "Use this to override the default service endpoint URL",
                    "optional": true
                  },
                  "elasticache": {
                    "type": "string",
                    "description": "Use this to override the default service endpoint URL",
                    "optional": true
                  },
                  "elasticbeanstalk": {
                    "type": "string",
                    "description": "Use this to override the default service endpoint URL",
                    "optional": true
                  },
                  "elastictranscoder": {
                    "type": "string",
                    "description": "Use this to override the default service endpoint URL",
                    "optional": true
                  },
                  "elb": {
                    "type": "string",
                    "description": "Use this to override the default service endpoint URL",
                    "optional": true
                  },
                  "emr": {
                    "type": "string",
                    "description": "Use this to override the default service endpoint URL",
                    "optional": true
                  },
                  "es": {
                    "type": "string",
                    "description": "Use this to override the default service endpoint URL",
                    "optional": true
                  },
                  "firehose": {
                    "type": "string",
                    "description": "Use this to override the default service endpoint URL",
                    "optional": true
                  },
                  "fms": {
                    "type": "string",
                    "description": "Use this to override the default service endpoint URL",
                    "optional": true
                  },
                  "forecast": {
                    "type": "string",
                    "description": "Use this to override the default service endpoint URL",
                    "optional": true
                  },
                  "fsx": {
                    "type": "string",
                    "description": "Use this to override the default service endpoint URL",
                    "optional": true
                  },
                  "gamelift": {
                    "type": "string",
                    "description": "Use this to override the default service endpoint URL",
                    "optional": true
                  },
                  "glacier": {
                    "type": "string",
                    "description": "Use this to override the default service endpoint URL",
                    "optional": true
                  },
                  "globalaccelerator": {
                    "type": "string",
                    "description": "Use this to override the default service endpoint URL",
                    "optional": true
                  },
                  "glue": {
                    "type": "string",
                    "description": "Use this to override the default service endpoint URL",
                    "optional": true
                  },
                  "greengrass": {
                    "type": "string",
                    "description": "Use this to override the default service endpoint URL",
                    "optional": true
                  },
                  "guardduty": {
                    "type": "string",
                    "description": "Use this to override the default service endpoint URL",
                    "optional": true
                  },
                  "iam": {
                    "type": "string",
                    "description": "Use this to override the default service endpoint URL",
                    "optional": true
                  },
                  "imagebuilder": {
                    "type": "string",
                    "description": "Use this to override the default service endpoint URL",
                    "optional": true
                  },
                  "inspector": {
                    "type": "string",
                    "description": "Use this to override the default service endpoint URL",
                    "optional": true
                  },
                  "iot": {
                    "type": "string",
                    "description": "Use this to override the default service endpoint URL",
                    "optional": true
                  },
                  "iotanalytics": {
                    "type": "string",
                    "description": "Use this to override the default service endpoint URL",
                    "optional": true
                  },
                  "iotevents": {
                    "type": "string",
                    "description": "Use this to override the default service endpoint URL",
                    "optional": true
                  },
                  "kafka": {
                    "type": "string",
                    "description": "Use this to override the default service endpoint URL",
                    "optional": true
                  },
                  "kinesis": {
                    "type": "string",
                    "description": "Use this to override the default service endpoint URL",
                    "optional": true
                  },
                  "kinesis_analytics": {
                    "type": "string",
                    "description": "Use this to override the default service endpoint URL",
                    "optional": true
                  },
                  "kinesisanalytics": {
                    "type": "string",
                    "description": "Use this to override the default service endpoint URL",
                    "optional": true
                  },
                  "kinesisvideo": {
                    "type": "string",
                    "description": "Use this to override the default service endpoint URL",
                    "optional": true
                  },
                  "kms": {
                    "type": "string",
                    "description": "Use this to override the default service endpoint URL",
                    "optional": true
                  },
                  "lakeformation": {
                    "type": "string",
                    "description": "Use this to override the default service endpoint URL",
                    "optional": true
                  },
                  "lambda": {
                    "type": "string",
                    "description": "Use this to override the default service endpoint URL",
                    "optional": true
                  },
                  "lexmodels": {
                    "type": "string",
                    "description": "Use this to override the default service endpoint URL",
                    "optional": true
                  },
                  "licensemanager": {
                    "type": "string",
                    "description": "Use this to override the default service endpoint URL",
                    "optional": true
                  },
                  "lightsail": {
                    "type": "string",
                    "description": "Use this to override the default service endpoint URL",
                    "optional": true
                  },
                  "macie": {
                    "type": "string",
                    "description": "Use this to override the default service endpoint URL",
                    "optional": true
                  },
                  "managedblockchain": {
                    "type": "string",
                    "description": "Use this to override the default service endpoint URL",
                    "optional": true
                  },
                  "marketplacecatalog": {
                    "type": "string",
                    "description": "Use this to override the default service endpoint URL",
                    "optional": true
                  },
                  "mediaconnect": {
                    "type": "string",
                    "description": "Use this to override the default service endpoint URL",
                    "optional": true
                  },
                  "mediaconvert": {
                    "type": "string",
                    "description": "Use this to override the default service endpoint URL",
                    "optional": true
                  },
                  "medialive": {
                    "type": "string",
                    "description": "Use this to override the default service endpoint URL",
                    "optional": true
                  },
                  "mediapackage": {
                    "type": "string",
                    "description": "Use this to override the default service endpoint URL",
                    "optional": true
                  },
                  "mediastore": {
                    "type": "string",
                    "description": "Use this to override the default service endpoint URL",
                    "optional": true
                  },
                  "mediastoredata": {
                    "type": "string",
                    "description": "Use this to override the default service endpoint URL",
                    "optional": true
                  },
                  "mq": {
                    "type": "string",
                    "description": "Use this to override the default service endpoint URL",
                    "optional": true
                  },
                  "neptune": {
                    "type": "string",
                    "description": "Use this to override the default service endpoint URL",
                    "optional": true
                  },
                  "opsworks": {
                    "type": "string",
                    "description": "Use this to override the default service endpoint URL",
                    "optional": true
                  },
                  "organizations": {
                    "type": "string",
                    "description": "Use this to override the default service endpoint URL",
                    "optional": true
                  },
                  "personalize": {
                    "type": "string",
                    "description": "Use this to override the default service endpoint URL",
                    "optional": true
                  },
                  "pinpoint": {
                    "type": "string",
                    "description": "Use this to override the default service endpoint URL",
                    "optional": true
                  },
                  "pricing": {
                    "type": "string",
                    "description": "Use this to override the default service endpoint URL",
                    "optional": true
                  },
                  "qldb": {
                    "type": "string",
                    "description": "Use this to override the default service endpoint URL",
                    "optional": true
                  },
                  "quicksight": {
                    "type": "string",
                    "description": "Use this to override the default service endpoint URL",
                    "optional": true
                  },
                  "r53": {
                    "type": "string",
                    "description": "Use this to override the default service endpoint URL",
                    "optional": true
                  },
                  "ram": {
                    "type": "string",
                    "description": "Use this to override the default service endpoint URL",
                    "optional": true
                  },
                  "rds": {
                    "type": "string",
                    "description": "Use this to override the default service endpoint URL",
                    "optional": true
                  },
                  "redshift": {
                    "type": "string",
                    "description": "Use this to override the default service endpoint URL",
                    "optional": true
                  },
                  "resourcegroups": {
                    "type": "string",
                    "description": "Use this to override the default service endpoint URL",
                    "optional": true
                  },
                  "route53": {
                    "type": "string",
                    "description": "Use this to override the default service endpoint URL",
                    "optional": true
                  },
                  "route53domains": {
                    "type": "string",
                    "description": "Use this to override the default service endpoint URL",
                    "optional": true
                  },
                  "route53resolver": {
                    "type": "string",
                    "description": "Use this to override the default service endpoint URL",
                    "optional": true
                  },
                  "s3": {
                    "type": "string",
                    "description": "Use this to override the default service endpoint URL",
                    "optional": true
                  },
                  "s3control": {
                    "type": "string",
                    "description": "Use this to override the default service endpoint URL",
                    "optional": true
                  },
                  "sagemaker": {
                    "type": "string",
                    "description": "Use this to override the default service endpoint URL",
                    "optional": true
                  },
                  "sdb": {
                    "type": "string",
                    "description": "Use this to override the default service endpoint URL",
                    "optional": true
                  },
                  "secretsmanager": {
                    "type": "string",
                    "description": "Use this to override the default service endpoint URL",
                    "optional": true
                  },
                  "securityhub": {
                    "type": "string",
                    "description": "Use this to override the default service endpoint URL",
                    "optional": true
                  },
                  "serverlessrepo": {
                    "type": "string",
                    "description": "Use this to override the default service endpoint URL",
                    "optional": true
                  },
                  "servicecatalog": {
                    "type": "string",
                    "description": "Use this to override the default service endpoint URL",
                    "optional": true
                  },
                  "servicediscovery": {
                    "type": "string",
                    "description": "Use this to override the default service endpoint URL",
                    "optional": true
                  },
                  "servicequotas": {
                    "type": "string",
                    "description": "Use this to override the default service endpoint URL",
                    "optional": true
                  },
                  "ses": {
                    "type": "string",
                    "description": "Use this to override the default service endpoint URL",
                    "optional": true
                  },
                  "shield": {
                    "type": "string",
                    "description": "Use this to override the default service endpoint URL",
                    "optional": true
                  },
                  "sns": {
                    "type": "string",
                    "description": "Use this to override the default service endpoint URL",
                    "optional": true
                  },
                  "sqs": {
                    "type": "string",
                    "description": "Use this to override the default service endpoint URL",
                    "optional": true
                  },
                  "ssm": {
                    "type": "string",
                    "description": "Use this to override the default service endpoint URL",
                    "optional": true
                  },
                  "stepfunctions": {
                    "type": "string",
                    "description": "Use this to override the default service endpoint URL",
                    "optional": true
                  },
                  "storagegateway": {
                    "type": "string",
                    "description": "Use this to override the default service endpoint URL",
                    "optional": true
                  },
                  "sts": {
                    "type": "string",
                    "description": "Use this to override the default service endpoint URL",
                    "optional": true
                  },
                  "swf": {
                    "type": "string",
                    "description": "Use this to override the default service endpoint URL",
                    "optional": true
                  },
                  "transfer": {
                    "type": "string",
                    "description": "Use this to override the default service endpoint URL",
                    "optional": true
                  },
                  "waf": {
                    "type": "string",
                    "description": "Use this to override the default service endpoint URL",
                    "optional": true
                  },
                  "wafregional": {
                    "type": "string",
                    "description": "Use this to override the default service endpoint URL",
                    "optional": true
                  },
                  "wafv2": {
                    "type": "string",
                    "description": "Use this to override the default service endpoint URL",
                    "optional": true
                  },
                  "worklink": {
                    "type": "string",
                    "description": "Use this to override the default service endpoint URL",
                    "optional": true
                  },
                  "workmail": {
                    "type": "string",
                    "description": "Use this to override the default service endpoint URL",
                    "optional": true
                  },
                  "workspaces": {
                    "type": "string",
                    "description": "Use this to override the default service endpoint URL",
                    "optional": true
                  },
                  "xray": {
                    "type": "string",
                    "description": "Use this to override the default service endpoint URL",
                    "optional": true
                  }
                }
              }
            },
            "ignore_tags": {
              "nesting_mode": "list",
              "block": {
                "attributes": {
                  "key_prefixes": {
                    "type": [
                      "set",
                      "string"
                    ],
                    "description": "Resource tag key prefixes to ignore across all resources.",
                    "optional": true
                  },
                  "keys": {
                    "type": [
                      "set",
                      "string"
                    ],
                    "description": "Resource tag keys to ignore across all resources.",
                    "optional": true
                  }
                }
              },
              "max_items": 1
            }
          }
        }
      },
      "resource_schemas": {
        "aws_cloudfront_distribution": {
          "version": 1,
          "block": {
            "attributes": {
              "active_trusted_signers": {
                "type": [
                  "map",
                  "string"
                ],
                "computed": true
              },
              "aliases": {
                "type": [
                  "set",
                  "string"
                ],
                "optional": true
              },
              "arn": {
                "type": "string",
                "computed": true
              },
              "caller_reference": {
                "type": "string",
                "computed": true
              },
              "comment": {
                "type": "string",
                "optional": true
              },
              "default_root_object": {
                "type": "string",
                "optional": true
              },
              "domain_name": {
                "type": "string",
                "computed": true
              },
              "enabled": {
                "type": "bool",
                "required": true
              },
              "etag": {
                "type": "string",
                "computed": true
              },
              "hosted_zone_id": {
                "type": "string",
                "computed": true
              },
              "http_version": {
                "type": "string",
                "optional": true
              },
              "id": {
                "type": "string",
                "optional": true,
                "computed": true
              },
              "in_progress_validation_batches": {
                "type": "number",
                "computed": true
              },
              "is_ipv6_enabled": {
                "type": "bool",
                "optional": true
              },
              "last_modified_time": {
                "type": "string",
                "computed": true
              },
              "price_class": {
                "type": "string",
                "optional": true
              },
              "retain_on_delete": {
                "type": "bool",
                "optional": true
              },
              "status": {
                "type": "string",
                "computed": true
              },
              "tags": {
                "type": [
                  "map",
                  "string"
                ],
                "optional": true
              },
              "wait_for_deployment": {
                "type": "bool",
                "optional": true
              },
              "web_acl_id": {
                "type": "string",
                "optional": true
              }
            },
            "block_types": {
              "cache_behavior": {
                "nesting_mode": "set",
                "block": {
                  "attributes": {
                    "allowed_methods": {
                      "type": [
                        "list",
                        "string"
                      ],
                      "required": true
                    },
                    "cached_methods": {
                      "type": [
                        "list",
                        "string"
                      ],
                      "required": true
                    },
                    "compress": {
                      "type": "bool",
                      "optional": true
                    },
                    "default_ttl": {
                      "type": "number",
                      "optional": true
                    },
                    "field_level_encryption_id": {
                      "type": "string",
                      "optional": true
                    },
                    "max_ttl": {
                      "type": "number",
                      "optional": true
                    },
                    "min_ttl": {
                      "type": "number",
                      "optional": true
                    },
                    "path_pattern": {
                      "type": "string",
                      "required": true
                    },
                    "smooth_streaming": {
                      "type": "bool",
                      "optional": true
                    },
                    "target_origin_id": {
                      "type": "string",
                      "required": true
                    },
                    "trusted_signers": {
                      "type": [
                        "list",
                        "string"
                      ],
                      "optional": true
                    },
                    "viewer_protocol_policy": {
                      "type": "string",
                      "required": true
                    }
                  },
                  "block_types": {
                    "forwarded_values": {
                      "nesting_mode": "set",
                      "block": {
                        "attributes": {
                          "headers": {
                            "type": [
                              "set",
                              "string"
                            ],
                            "optional": true
                          },
                          "query_string": {
                            "type": "bool",
                            "required": true
                          },
                          "query_string_cache_keys": {
                            "type": [
                              "list",
                              "string"
                            ],
                            "optional": true
                          }
                        },
                        "block_types": {
                          "cookies": {
                            "nesting_mode": "set",
                            "block": {
                              "attributes": {
                                "forward": {
                                  "type": "string",
                                  "required": true
                                },
                                "whitelisted_names": {
                                  "type": [
                                    "set",
                                    "string"
                                  ],
                                  "optional": true
                                }
                              }
                            },
                            "min_items": 1,
                            "max_items": 1
                          }
                        }
                      },
                      "min_items": 1,
                      "max_items": 1
                    },
                    "lambda_function_association": {
                      "nesting_mode": "set",
                      "block": {
                        "attributes": {
                          "event_type": {
                            "type": "string",
                            "required": true
                          },
                          "include_body": {
                            "type": "bool",
                            "optional": true
                          },
                          "lambda_arn": {
                            "type": "string",
                            "required": true
                          }
                        }
                      },
                      "max_items": 4
                    }
                  }
                }
              },
              "custom_error_response": {
                "nesting_mode": "set",
                "block": {
                  "attributes": {
                    "error_caching_min_ttl": {
                      "type": "number",
                      "optional": true
                    },
                    "error_code": {
                      "type": "number",
                      "required": true
                    },
                    "response_code": {
                      "type": "number",
                      "optional": true
                    },
                    "response_page_path": {
                      "type": "string",
                      "optional": true
                    }
                  }
                }
              },
              "default_cache_behavior": {
                "nesting_mode": "list",
                "block": {
                  "attributes": {
                    "allowed_methods": {
                      "type": [
                        "set",
                        "string"
                      ],
                      "required": true
                    },
                    "cached_methods": {
                      "type": [
                        "set",
                        "string"
                      ],
                      "required": true
                    },
                    "compress": {
                      "type": "bool",
                      "optional": true
                    },
                    "default_ttl": {
                      "type": "number",
                      "optional": true
                    },
                    "field_level_encryption_id": {
                      "type": "string",
                      "optional": true
                    },
                    "max_ttl": {
                      "type": "number",
                      "optional": true
                    },
                    "min_ttl": {
                      "type": "number",
                      "optional": true
                    },
                    "smooth_streaming": {
                      "type": "bool",
                      "optional": true
                    },
                    "target_origin_id": {
                      "type": "string",
                      "required": true
                    },
                    "trusted_signers": {
                      "type": [
                        "list",
                        "string"
                      ],
                      "optional": true
                    },
                    "viewer_protocol_policy": {
                      "type": "string",
                      "required": true
                    }
                  },
                  "block_types": {
                    "forwarded_values": {
                      "nesting_mode": "list",
                      "block": {
                        "attributes": {
                          "headers": {
                            "type": [
                              "set",
                              "string"
                            ],
                            "optional": true
                          },
                          "query_string": {
                            "type": "bool",
                            "required": true
                          },
                          "query_string_cache_keys": {
                            "type": [
                              "list",
                              "string"
                            ],
                            "optional": true
                          }
                        },
                        "block_types": {
                          "cookies": {
                            "nesting_mode": "list",
                            "block": {
                              "attributes": {
                                "forward": {
                                  "type": "string",
                                  "required": true
                                },
                                "whitelisted_names": {
                                  "type": [
                                    "set",
                                    "string"
                                  ],
                                  "optional": true
                                }
                              }
                            },
                            "min_items": 1,
                            "max_items": 1
                          }
                        }
                      },
                      "min_items": 1,
                      "max_items": 1
                    },
                    "lambda_function_association": {
                      "nesting_mode": "set",
                      "block": {
                        "attributes": {
                          "event_type": {
                            "type": "string",
                            "required": true
                          },
                          "include_body": {
                            "type": "bool",
                            "optional": true
                          },
                          "lambda_arn": {
                            "type": "string",
                            "required": true
                          }
                        }
                      },
                      "max_items": 4
                    }
                  }
                },
                "min_items": 1,
                "max_items": 1
              },
              "logging_config": {
                "nesting_mode": "list",
                "block": {
                  "attributes": {
                    "bucket": {
                      "type": "string",
                      "required": true
                    },
                    "include_cookies": {
                      "type": "bool",
                      "optional": true
                    },
                    "prefix": {
                      "type": "string",
                      "optional": true
                    }
                  }
                },
                "max_items": 1
              },
              "ordered_cache_behavior": {
                "nesting_mode": "list",
                "block": {
                  "attributes": {
                    "allowed_methods": {
                      "type": [
                        "set",
                        "string"
                      ],
                      "required": true
                    },
                    "cached_methods": {
                      "type": [
                        "set",
                        "string"
                      ],
                      "required": true
                    },
                    "compress": {
                      "type": "bool",
                      "optional": true
                    },
                    "default_ttl": {
                      "type": "number",
                      "optional": true
                    },
                    "field_level_encryption_id": {
                      "type": "string",
                      "optional": true
                    },
                    "max_ttl": {
                      "type": "number",
                      "optional": true
                    },
                    "min_ttl": {
                      "type": "number",
                      "optional": true
                    },
                    "path_pattern": {
                      "type": "string",
                      "required": true
                    },
                    "smooth_streaming": {
                      "type": "bool",
                      "optional": true
                    },
                    "target_origin_id": {
                      "type": "string",
                      "required": true
                    },
                    "trusted_signers": {
                      "type": [
                        "list",
                        "string"
                      ],
                      "optional": true
                    },
                    "viewer_protocol_policy": {
                      "type": "string",
                      "required": true
                    }
                  },
                  "block_types": {
                    "forwarded_values": {
                      "nesting_mode": "list",
                      "block": {
                        "attributes": {
                          "headers": {
                            "type": [
                              "set",
                              "string"
                            ],
                            "optional": true
                          },
                          "query_string": {
                            "type": "bool",
                            "required": true
                          },
                          "query_string_cache_keys": {
                            "type": [
                              "list",
                              "string"
                            ],
                            "optional": true
                          }
                        },
                        "block_types": {
                          "cookies": {
                            "nesting_mode": "list",
                            "block": {
                              "attributes": {
                                "forward": {
                                  "type": "string",
                                  "required": true
                                },
                                "whitelisted_names": {
                                  "type": [
                                    "set",
                                    "string"
                                  ],
                                  "optional": true
                                }
                              }
                            },
                            "min_items": 1,
                            "max_items": 1
                          }
                        }
                      },
                      "min_items": 1,
                      "max_items": 1
                    },
                    "lambda_function_association": {
                      "nesting_mode": "set",
                      "block": {
                        "attributes": {
                          "event_type": {
                            "type": "string",
                            "required": true
                          },
                          "include_body": {
                            "type": "bool",
                            "optional": true
                          },
                          "lambda_arn": {
                            "type": "string",
                            "required": true
                          }
                        }
                      },
                      "max_items": 4
                    }
                  }
                }
              },
              "origin": {
                "nesting_mode": "set",
                "block": {
                  "attributes": {
                    "domain_name": {
                      "type": "string",
                      "required": true
                    },
                    "origin_id": {
                      "type": "string",
                      "required": true
                    },
                    "origin_path": {
                      "type": "string",
                      "optional": true
                    }
                  },
                  "block_types": {
                    "custom_header": {
                      "nesting_mode": "set",
                      "block": {
                        "attributes": {
                          "name": {
                            "type": "string",
                            "required": true
                          },
                          "value": {
                            "type": "string",
                            "required": true
                          }
                        }
                      }
                    },
                    "custom_origin_config": {
                      "nesting_mode": "list",
                      "block": {
                        "attributes": {
                          "http_port": {
                            "type": "number",
                            "required": true
                          },
                          "https_port": {
                            "type": "number",
                            "required": true
                          },
                          "origin_keepalive_timeout": {
                            "type": "number",
                            "optional": true
                          },
                          "origin_protocol_policy": {
                            "type": "string",
                            "required": true
                          },
                          "origin_read_timeout": {
                            "type": "number",
                            "optional": true
                          },
                          "origin_ssl_protocols": {
                            "type": [
                              "set",
                              "string"
                            ],
                            "required": true
                          }
                        }
                      },
                      "max_items": 1
                    },
                    "s3_origin_config": {
                      "nesting_mode": "list",
                      "block": {
                        "attributes": {
                          "origin_access_identity": {
                            "type": "string",
                            "required": true
                          }
                        }
                      },
                      "max_items": 1
                    }
                  }
                },
                "min_items": 1
              },
              "origin_group": {
                "nesting_mode": "set",
                "block": {
                  "attributes": {
                    "origin_id": {
                      "type": "string",
                      "required": true
                    }
                  },
                  "block_types": {
                    "failover_criteria": {
                      "nesting_mode": "list",
                      "block": {
                        "attributes": {
                          "status_codes": {
                            "type": [
                              "set",
                              "number"
                            ],
                            "required": true
                          }
                        }
                      },
                      "min_items": 1,
                      "max_items": 1
                    },
                    "member": {
                      "nesting_mode": "list",
                      "block": {
                        "attributes": {
                          "origin_id": {
                            "type": "string",
                            "required": true
                          }
                        }
                      },
                      "min_items": 2,
                      "max_items": 2
                    }
                  }
                }
              },
              "restrictions": {
                "nesting_mode": "list",
                "block": {
                  "block_types": {
                    "geo_restriction": {
                      "nesting_mode": "list",
                      "block": {
                        "attributes": {
                          "locations": {
                            "type": [
                              "set",
                              "string"
                            ],
                            "optional": true
                          },
                          "restriction_type": {
                            "type": "string",
                            "required": true
                          }
                        }
                      },
                      "min_items": 1,
                      "max_items": 1
                    }
                  }
                },
                "min_items": 1,
                "max_items": 1
              },
              "viewer_certificate": {
                "nesting_mode": "list",
                "block": {
                  "attributes": {
                    "acm_certificate_arn": {
                      "type": "string",
                      "optional": true
                    },
                    "cloudfront_default_certificate": {
                      "type": "bool",
                      "optional": true
                    },
                    "iam_certificate_id": {
                      "type": "string",
                      "optional": true
                    },
                    "minimum_protocol_version": {
                      "type": "string",
                      "optional": true
                    },
                    "ssl_support_method": {
                      "type": "string",
                      "optional": true
                    }
                  }
                },
                "min_items": 1,
                "max_items": 1
              }
            }
          }
        },
        "aws_acm_certificate": {
          "version": 0,
          "block": {
            "attributes": {
              "arn": {
                "type": "string",
                "computed": true
              },
              "certificate_authority_arn": {
                "type": "string",
                "optional": true
              },
              "certificate_body": {
                "type": "string",
                "optional": true
              },
              "certificate_chain": {
                "type": "string",
                "optional": true
              },
              "domain_name": {
                "type": "string",
                "optional": true,
                "computed": true
              },
              "domain_validation_options": {
                "type": [
                  "list",
                  [
                    "object",
                    {
                      "domain_name": "string",
                      "resource_record_name": "string",
                      "resource_record_type": "string",
                      "resource_record_value": "string"
                    }
                  ]
                ],
                "computed": true
              },
              "id": {
                "type": "string",
                "optional": true,
                "computed": true
              },
              "private_key": {
                "type": "string",
                "optional": true,
                "sensitive": true
              },
              "subject_alternative_names": {
                "type": [
                  "list",
                  "string"
                ],
                "optional": true,
                "computed": true
              },
              "tags": {
                "type": [
                  "map",
                  "string"
                ],
                "optional": true
              },
              "validation_emails": {
                "type": [
                  "list",
                  "string"
                ],
                "computed": true
              },
              "validation_method": {
                "type": "string",
                "optional": true,
                "computed": true
              }
            },
            "block_types": {
              "options": {
                "nesting_mode": "list",
                "block": {
                  "attributes": {
                    "certificate_transparency_logging_preference": {
                      "type": "string",
                      "optional": true
                    }
                  }
                },
                "max_items": 1
              }
            }
          }
        }
      }
    }
  }
}