{
  "provider_schemas": {
    "registry.terraform.io/hashicorp/aws": {
      "resource_schemas": {
        "aws_string_map": {
          "version": 1,
          "block": {
            "attributes": {
              "subject_alternative_names_computed": {
                "type": [
                  "map",
                  "string"
                ],
                "computed": true
              },
              "subject_alternative_names_computed_optional": {
                "type": [
                  "map",
                  "string"
                ],
                "optional": true,
                "computed": true
              },
              "subject_alternative_names_optional": {
                "type": [
                  "map",
                  "string"
                ],
                "optional": true
              },
              "subject_alternative_names_required": {
                "type": [
                  "map",
                  "string"
                ],
                "required": true,
                "computed": true
              }
            }
          },
          "block_types": {}
        }
      }
    }
  }
}

