github.com/Masterminds/semver/v3 v3.1.1 h1:hLg3sBzpNErnxhQtUy/mmLR2I9foDujNK030IGemrRc=
github.com/Masterminds/semver/v3 v3.1.1/go.mod h1:VPu/7SZ7ePZ3QOrcuXROw5FAcLl4a0cBrbBpGY/8hQs=
github.com/aws/constructs-go/constructs/v10 v10.0.5 h1:oZMlODZsCKlkBZs4KA8O210MqK2XdrakhGpmBfZKzbE=
github.com/aws/constructs-go/constructs/v10 v10.0.5/go.mod h1:l9g2pvi6/NDTGfjih3Zocwk3K4ASge77Pf5KZ2j2484=
github.com/aws/jsii-runtime-go v1.28.0/go.mod h1:6tZnlstx8bAB3vnLFF9n8bbkI//LDblAek9zFyMXV3E=
github.com/aws/jsii-runtime-go v1.37.0 h1:PrtDEVwy9saVbSdFOPLQtV0QUb0tCYn3yfeLV76VDSU=
github.com/aws/jsii-runtime-go v1.37.0/go.mod h1:6tZnlstx8bAB3vnLFF9n8bbkI//LDblAek9zFyMXV3E=
github.com/davecgh/go-spew v1.1.0/go.mod h1:J7Y8YcW2NihsgmVo/mv3lAwl/skON4iLHjSsI+c5H38=
github.com/davecgh/go-spew v1.1.1 h1:vj9j/u1bqnvCEfJOwUhtlOARqs3+rkHYY13jYWTU97c=
github.com/davecgh/go-spew v1.1.1/go.mod h1:J7Y8YcW2NihsgmVo/mv3lAwl/skON4iLHjSsI+c5H38=
github.com/hashicorp/terraform-cdk-go/cdktf v0.7.0 h1:4xcGzz6QO3UIb/C8DoV99y9oCIIM7h74bUrOntO/d74=
github.com/hashicorp/terraform-cdk-go/cdktf v0.7.0/go.mod h1:M43yD4DEwClXIf2Bb1YehujmYxD3PKEYiCjQxnEjTKo=
github.com/pmezard/go-difflib v1.0.0 h1:4DBwDE0NGyQoBHbLQYPwSUPoCMWR5BEzIk/f1lZbAQM=
github.com/pmezard/go-difflib v1.0.0/go.mod h1:iKH77koFhYxTK1pcRnkKkqfTogsbg7gZNVY4sRDYZ/4=
github.com/stretchr/objx v0.1.0/go.mod h1:HFkY916IF+rwdDfMAkV7OtwuqBVzrE8GR6GFx+wExME=
github.com/stretchr/testify v1.7.0 h1:nwc3DEeHmmLAfoZucVR881uASk0Mfjw8xYJ99tb5CcY=
github.com/stretchr/testify v1.7.0/go.mod h1:6Fq8oRcR53rry900zMqJjRRixrwX3KX962/h/Wwjteg=
gopkg.in/check.v1 v0.0.0-20161208181325-20d25e280405/go.mod h1:Co6ibVJAznAaIkqp8huTwlJQCZ016jof/cbN4VW5Yz0=
gopkg.in/yaml.v3 v3.0.0-20200313102051-9f266ea9e77c h1:dUUwHk2QECo/6vqA44rthZ8ie2QXMNeKRTHCNY2nXvo=
gopkg.in/yaml.v3 v3.0.0-20200313102051-9f266ea9e77c/go.mod h1:K4uyk7z7BCEPqu6E+C64Yfv1cQ7kz7rIZviUmN+EgEM=
