{
  "_meta": {
    "hash": {
      "sha256": "8ce1cced7669974baf5c84fe8064722114b821f5f858cb872e69efe69307c759"
    },
    "pipfile-spec": 6,
    "requires": {
      "python_version": "3"
    },
    "sources": [
      {
        "name": "pypi",
        "url": "https://pypi.org/simple",
        "verify_ssl": true
      }
    ]
  },
  "default": {
    "attrs": {
      "hashes": [
        "sha256:29adc2665447e5191d0e7c568fde78b21f9672d344281d0c6e1ab085429b22b6",
        "sha256:86efa402f67bf2df34f51a335487cf46b1ec130d02b8d39fd248abfd30da551c"
      ],
      "markers": "python_version >= '3.5'",
      "version": "==22.1.0"
    },
    "cattrs": {
      "hashes": [
        "sha256:bc12b1f0d000b9f9bee83335887d532a1d3e99a833d1bf0882151c97d3e68c21",
        "sha256:f0eed5642399423cf656e7b66ce92cdc5b963ecafd041d1b24d136fdde7acf6d"
      ],
      "markers": "python_version >= '3.7'",
      "version": "==22.2.0"
    },
    "cdktf": {
      "hashes": [
        "sha256:657bd637e5bd8d79a1c9b4d98d18df2633d884ea09e6b6823b7e2560d44b143e"
      ],
      "path": "./../../../dist/python/cdktf-0.0.0-py3-none-any.whl",
      "version": "==0.0.0"
    },
    "constructs": {
      "hashes": [
        "sha256:1c886bf74540d89fe0f2f5722af63111b3b67aedb1c3a90e019b64dd645ad851",
        "sha256:8030129518d0a433922f1e12fa8ad5666b26977d6a5331b1304801415aba46f5"
      ],
      "markers": "python_version ~= '3.7'",
      "version": "==10.1.145"
    },
    "exceptiongroup": {
      "hashes": [
        "sha256:2ac84b496be68464a2da60da518af3785fff8b7ec0d090a581604bc870bdee41",
        "sha256:affbabf13fb6e98988c38d9c5650e701569fe3c1de3233cfb61c5f33774690ad"
      ],
      "markers": "python_version < '3.11'",
      "version": "==1.0.0"
    },
    "jsii": {
      "hashes": [
        "sha256:9fc57ff37868364ba3417b26dc97189cd0cc71282196a3f4765768c067354be0",
        "sha256:d0867c0d2f60ceda1664c026033ae34ea36178c7027315e577ded13043827664"
      ],
      "markers": "python_version ~= '3.7'",
      "version": "==1.70.0"
    },
    "publication": {
      "hashes": [
        "sha256:0248885351febc11d8a1098d5c8e3ab2dabcf3e8c0c96db1e17ecd12b53afbe6",
        "sha256:68416a0de76dddcdd2930d1c8ef853a743cc96c82416c4e4d3b5d901c6276dc4"
      ],
      "version": "==0.0.3"
    },
    "python-dateutil": {
      "hashes": [
        "sha256:0123cacc1627ae19ddf3c27a5de5bd67ee4586fbdd6440d9748f8abb483d3e86",
        "sha256:961d03dc3453ebbc59dbdea9e4e11c5651520a876d0f4db161e8674aae935da9"
      ],
      "markers": "python_version >= '2.7' and python_version not in '3.0, 3.1, 3.2'",
      "version": "==2.8.2"
    },
    "six": {
      "hashes": [
        "sha256:1e61c37477a1626458e36f7b1d82aa5c9b094fa4802892072e49de9c60c4c926",
        "sha256:8abb2f1d86890a2dfb989f9a77cfcfd3e47c2a354b01111771326f8aa26e0254"
      ],
      "markers": "python_version >= '2.7' and python_version not in '3.0, 3.1, 3.2'",
      "version": "==1.16.0"
    },
    "typeguard": {
      "hashes": [
        "sha256:00edaa8da3a133674796cf5ea87d9f4b4c367d77476e185e80251cc13dfbb8c4",
        "sha256:5e3e3be01e887e7eafae5af63d1f36c849aaa94e3a0112097312aabfa16284f1"
      ],
      "markers": "python_full_version >= '3.5.3'",
      "version": "==2.13.3"
    },
    "typing-extensions": {
      "hashes": [
        "sha256:1511434bb92bf8dd198c12b1cc812e800d4181cfcb867674e0f8279cc93087aa",
        "sha256:16fa4864408f655d35ec496218b85f79b3437c829e93320c7c9215ccfd92489e"
      ],
      "markers": "python_version >= '3.7'",
      "version": "==4.4.0"
    }
  },
  "develop": {}
}
